
Microsoft Visual Studio Solution File, Format Version 12.00
# Visual Studio Version 16
VisualStudioVersion = 16.0.30413.136
MinimumVisualStudioVersion = 10.0.40219.1
Project("{FAE04EC0-301F-11D3-BF4B-00C04F79EFBC}") = "Hello_World", "Hello_World\Hello_World.csproj", "{CCF0DF26-3BD3-41F1-B48B-FFFD7E98E3DE}"
EndProject
Project("{FAE04EC0-301F-11D3-BF4B-00C04F79EFBC}") = "HelloWorldTests", "HelloWorldTests\HelloWorldTests.csproj", "{08B12EB5-FD4B-4932-A13F-107AB12645EC}"
EndProject
Global
	GlobalSection(SolutionConfigurationPlatforms) = preSolution
		Debug|Any CPU = Debug|Any CPU
		Release|Any CPU = Release|Any CPU
	EndGlobalSection
	GlobalSection(ProjectConfigurationPlatforms) = postSolution
		{CCF0DF26-3BD3-41F1-B48B-FFFD7E98E3DE}.Debug|Any CPU.ActiveCfg = Debug|Any CPU
		{CCF0DF26-3BD3-41F1-B48B-FFFD7E98E3DE}.Debug|Any CPU.Build.0 = Debug|Any CPU
		{CCF0DF26-3BD3-41F1-B48B-FFFD7E98E3DE}.Release|Any CPU.ActiveCfg = Release|Any CPU
		{CCF0DF26-3BD3-41F1-B48B-FFFD7E98E3DE}.Release|Any CPU.Build.0 = Release|Any CPU
		{08B12EB5-FD4B-4932-A13F-107AB12645EC}.Debug|Any CPU.ActiveCfg = Debug|Any CPU
		{08B12EB5-FD4B-4932-A13F-107AB12645EC}.Debug|Any CPU.Build.0 = Debug|Any CPU
		{08B12EB5-FD4B-4932-A13F-107AB12645EC}.Release|Any CPU.ActiveCfg = Release|Any CPU
		{08B12EB5-FD4B-4932-A13F-107AB12645EC}.Release|Any CPU.Build.0 = Release|Any CPU
	EndGlobalSection
	GlobalSection(SolutionProperties) = preSolution
		HideSolutionNode = FALSE
	EndGlobalSection
	GlobalSection(ExtensibilityGlobals) = postSolution
		SolutionGuid = {6E1701DC-4721-42E9-A557-8EFDF7C5FC98}
	EndGlobalSection
EndGlobal
